// !$*UTF8*$!
{
	archiveVersion = 1;
	classes = {
	};
	objectVersion = 46;
	objects = {

/* Begin PBXBuildFile section */
		0837720D1E2E2B440034056F /* main.m in Sources */ = {isa = PBXBuildFile; fileRef = 0837720C1E2E2B440034056F /* main.m */; };
		083772101E2E2B440034056F /* AppDelegate.m in Sources */ = {isa = PBXBuildFile; fileRef = 0837720F1E2E2B440034056F /* AppDelegate.m */; };
		083772131E2E2B440034056F /* ViewController.m in Sources */ = {isa = PBXBuildFile; fileRef = 083772121E2E2B440034056F /* ViewController.m */; };
		083772161E2E2B440034056F /* Main.storyboard in Resources */ = {isa = PBXBuildFile; fileRef = 083772141E2E2B440034056F /* Main.storyboard */; };
		083772181E2E2B440034056F /* Assets.xcassets in Resources */ = {isa = PBXBuildFile; fileRef = 083772171E2E2B440034056F /* Assets.xcassets */; };
		0837721B1E2E2B440034056F /* LaunchScreen.storyboard in Resources */ = {isa = PBXBuildFile; fileRef = 083772191E2E2B440034056F /* LaunchScreen.storyboard */; };
		083772471E2E2C580034056F /* SORBadgeValueManager.m in Sources */ = {isa = PBXBuildFile; fileRef = 083772461E2E2C580034056F /* SORBadgeValueManager.m */; };
		08D1585E1E66CA21001518A1 /* SORObjectRelationUmbrella.h in Headers */ = {isa = PBXBuildFile; fileRef = 08D1585D1E66C9D1001518A1 /* SORObjectRelationUmbrella.h */; settings = {ATTRIBUTES = (Public, ); }; };
		08D1585F1E66CA21001518A1 /* SORSyncCountObjectRelation.h in Headers */ = {isa = PBXBuildFile; fileRef = 08D158501E66C859001518A1 /* SORSyncCountObjectRelation.h */; settings = {ATTRIBUTES = (Public, ); }; };
		08D158601E66CA21001518A1 /* SORSyncMajorKeyCountObjectRelation.h in Headers */ = {isa = PBXBuildFile; fileRef = 08D158521E66C859001518A1 /* SORSyncMajorKeyCountObjectRelation.h */; settings = {ATTRIBUTES = (Public, ); }; };
		08D158611E66CA21001518A1 /* SORSyncObjectRelation+ObjectRelationObserver.h in Headers */ = {isa = PBXBuildFile; fileRef = 08D158541E66C859001518A1 /* SORSyncObjectRelation+ObjectRelationObserver.h */; settings = {ATTRIBUTES = (Public, ); }; };
		08D158621E66CA21001518A1 /* SORSyncObjectRelation.h in Headers */ = {isa = PBXBuildFile; fileRef = 08D158561E66C859001518A1 /* SORSyncObjectRelation.h */; settings = {ATTRIBUTES = (Public, ); }; };
		08D158641E66CA9C001518A1 /* SORSyncCountObjectRelation.m in Sources */ = {isa = PBXBuildFile; fileRef = 08D158511E66C859001518A1 /* SORSyncCountObjectRelation.m */; };
		08D158651E66CA9C001518A1 /* SORSyncMajorKeyCountObjectRelation.m in Sources */ = {isa = PBXBuildFile; fileRef = 08D158531E66C859001518A1 /* SORSyncMajorKeyCountObjectRelation.m */; };
		08D158661E66CA9C001518A1 /* SORSyncObjectRelation+ObjectRelationObserver.m in Sources */ = {isa = PBXBuildFile; fileRef = 08D158551E66C859001518A1 /* SORSyncObjectRelation+ObjectRelationObserver.m */; };
		08D158671E66CA9C001518A1 /* SORSyncObjectRelation.m in Sources */ = {isa = PBXBuildFile; fileRef = 08D158571E66C859001518A1 /* SORSyncObjectRelation.m */; };
		08D158681E66CB29001518A1 /* SORObjectRelation.framework in Frameworks */ = {isa = PBXBuildFile; fileRef = 083772271E2E2B650034056F /* SORObjectRelation.framework */; };
/* End PBXBuildFile section */

/* Begin PBXCopyFilesBuildPhase section */
		083772331E2E2B650034056F /* Embed Frameworks */ = {
			isa = PBXCopyFilesBuildPhase;
			buildActionMask = 2147483647;
			dstPath = "";
			dstSubfolderSpec = 10;
			files = (
			);
			name = "Embed Frameworks";
			runOnlyForDeploymentPostprocessing = 0;
		};
/* End PBXCopyFilesBuildPhase section */

/* Begin PBXFileReference section */
		083772081E2E2B440034056F /* SORObjectRelationDemo.app */ = {isa = PBXFileReference; explicitFileType = wrapper.application; includeInIndex = 0; path = SORObjectRelationDemo.app; sourceTree = BUILT_PRODUCTS_DIR; };
		0837720C1E2E2B440034056F /* main.m */ = {isa = PBXFileReference; lastKnownFileType = sourcecode.c.objc; path = main.m; sourceTree = "<group>"; };
		0837720E1E2E2B440034056F /* AppDelegate.h */ = {isa = PBXFileReference; lastKnownFileType = sourcecode.c.h; path = AppDelegate.h; sourceTree = "<group>"; };
		0837720F1E2E2B440034056F /* AppDelegate.m */ = {isa = PBXFileReference; lastKnownFileType = sourcecode.c.objc; path = AppDelegate.m; sourceTree = "<group>"; };
		083772111E2E2B440034056F /* ViewController.h */ = {isa = PBXFileReference; lastKnownFileType = sourcecode.c.h; path = ViewController.h; sourceTree = "<group>"; };
		083772121E2E2B440034056F /* ViewController.m */ = {isa = PBXFileReference; lastKnownFileType = sourcecode.c.objc; path = ViewController.m; sourceTree = "<group>"; };
		083772151E2E2B440034056F /* Base */ = {isa = PBXFileReference; lastKnownFileType = file.storyboard; name = Base; path = Base.lproj/Main.storyboard; sourceTree = "<group>"; };
		083772171E2E2B440034056F /* Assets.xcassets */ = {isa = PBXFileReference; lastKnownFileType = folder.assetcatalog; path = Assets.xcassets; sourceTree = "<group>"; };
		0837721A1E2E2B440034056F /* Base */ = {isa = PBXFileReference; lastKnownFileType = file.storyboard; name = Base; path = Base.lproj/LaunchScreen.storyboard; sourceTree = "<group>"; };
		0837721C1E2E2B440034056F /* Info.plist */ = {isa = PBXFileReference; lastKnownFileType = text.plist.xml; path = Info.plist; sourceTree = "<group>"; };
		083772271E2E2B650034056F /* SORObjectRelation.framework */ = {isa = PBXFileReference; explicitFileType = wrapper.framework; includeInIndex = 0; path = SORObjectRelation.framework; sourceTree = BUILT_PRODUCTS_DIR; };
		083772451E2E2C580034056F /* SORBadgeValueManager.h */ = {isa = PBXFileReference; fileEncoding = 4; lastKnownFileType = sourcecode.c.h; path = SORBadgeValueManager.h; sourceTree = SOURCE_ROOT; };
		083772461E2E2C580034056F /* SORBadgeValueManager.m */ = {isa = PBXFileReference; fileEncoding = 4; lastKnownFileType = sourcecode.c.objc; path = SORBadgeValueManager.m; sourceTree = SOURCE_ROOT; };
		08D158501E66C859001518A1 /* SORSyncCountObjectRelation.h */ = {isa = PBXFileReference; fileEncoding = 4; lastKnownFileType = sourcecode.c.h; path = SORSyncCountObjectRelation.h; sourceTree = "<group>"; };
		08D158511E66C859001518A1 /* SORSyncCountObjectRelation.m */ = {isa = PBXFileReference; fileEncoding = 4; lastKnownFileType = sourcecode.c.objc; path = SORSyncCountObjectRelation.m; sourceTree = "<group>"; };
		08D158521E66C859001518A1 /* SORSyncMajorKeyCountObjectRelation.h */ = {isa = PBXFileReference; fileEncoding = 4; lastKnownFileType = sourcecode.c.h; path = SORSyncMajorKeyCountObjectRelation.h; sourceTree = "<group>"; };
		08D158531E66C859001518A1 /* SORSyncMajorKeyCountObjectRelation.m */ = {isa = PBXFileReference; fileEncoding = 4; lastKnownFileType = sourcecode.c.objc; path = SORSyncMajorKeyCountObjectRelation.m; sourceTree = "<group>"; };
		08D158541E66C859001518A1 /* SORSyncObjectRelation+ObjectRelationObserver.h */ = {isa = PBXFileReference; fileEncoding = 4; lastKnownFileType = sourcecode.c.h; path = "SORSyncObjectRelation+ObjectRelationObserver.h"; sourceTree = "<group>"; };
		08D158551E66C859001518A1 /* SORSyncObjectRelation+ObjectRelationObserver.m */ = {isa = PBXFileReference; fileEncoding = 4; lastKnownFileType = sourcecode.c.objc; path = "SORSyncObjectRelation+ObjectRelationObserver.m"; sourceTree = "<group>"; };
		08D158561E66C859001518A1 /* SORSyncObjectRelation.h */ = {isa = PBXFileReference; fileEncoding = 4; lastKnownFileType = sourcecode.c.h; path = SORSyncObjectRelation.h; sourceTree = "<group>"; };
		08D158571E66C859001518A1 /* SORSyncObjectRelation.m */ = {isa = PBXFileReference; fileEncoding = 4; lastKnownFileType = sourcecode.c.objc; path = SORSyncObjectRelation.m; sourceTree = "<group>"; };
		08D1585D1E66C9D1001518A1 /* SORObjectRelationUmbrella.h */ = {isa = PBXFileReference; fileEncoding = 4; lastKnownFileType = sourcecode.c.h; path = SORObjectRelationUmbrella.h; sourceTree = "<group>"; };
/* End PBXFileReference section */

/* Begin PBXFrameworksBuildPhase section */
		083772051E2E2B440034056F /* Frameworks */ = {
			isa = PBXFrameworksBuildPhase;
			buildActionMask = 2147483647;
			files = (
				08D158681E66CB29001518A1 /* SORObjectRelation.framework in Frameworks */,
			);
			runOnlyForDeploymentPostprocessing = 0;
		};
		083772231E2E2B650034056F /* Frameworks */ = {
			isa = PBXFrameworksBuildPhase;
			buildActionMask = 2147483647;
			files = (
			);
			runOnlyForDeploymentPostprocessing = 0;
		};
/* End PBXFrameworksBuildPhase section */

/* Begin PBXGroup section */
		083771FF1E2E2B440034056F = {
			isa = PBXGroup;
			children = (
				08D1584F1E66C859001518A1 /* SORSyncObjectRelation */,
				0837720A1E2E2B440034056F /* SORObjectRelationDemo */,
				083772091E2E2B440034056F /* Products */,
			);
			sourceTree = "<group>";
		};
		083772091E2E2B440034056F /* Products */ = {
			isa = PBXGroup;
			children = (
				083772081E2E2B440034056F /* SORObjectRelationDemo.app */,
				083772271E2E2B650034056F /* SORObjectRelation.framework */,
			);
			name = Products;
			sourceTree = "<group>";
		};
		0837720A1E2E2B440034056F /* SORObjectRelationDemo */ = {
			isa = PBXGroup;
			children = (
				083772451E2E2C580034056F /* SORBadgeValueManager.h */,
				083772461E2E2C580034056F /* SORBadgeValueManager.m */,
				0837720E1E2E2B440034056F /* AppDelegate.h */,
				0837720F1E2E2B440034056F /* AppDelegate.m */,
				083772111E2E2B440034056F /* ViewController.h */,
				083772121E2E2B440034056F /* ViewController.m */,
				083772141E2E2B440034056F /* Main.storyboard */,
				083772171E2E2B440034056F /* Assets.xcassets */,
				083772191E2E2B440034056F /* LaunchScreen.storyboard */,
				0837721C1E2E2B440034056F /* Info.plist */,
				0837720B1E2E2B440034056F /* Supporting Files */,
			);
			path = SORObjectRelationDemo;
			sourceTree = "<group>";
		};
		0837720B1E2E2B440034056F /* Supporting Files */ = {
			isa = PBXGroup;
			children = (
				0837720C1E2E2B440034056F /* main.m */,
			);
			name = "Supporting Files";
			sourceTree = "<group>";
		};
		08D1584F1E66C859001518A1 /* SORSyncObjectRelation */ = {
			isa = PBXGroup;
			children = (
				08D1585D1E66C9D1001518A1 /* SORObjectRelationUmbrella.h */,
				08D158501E66C859001518A1 /* SORSyncCountObjectRelation.h */,
				08D158511E66C859001518A1 /* SORSyncCountObjectRelation.m */,
				08D158521E66C859001518A1 /* SORSyncMajorKeyCountObjectRelation.h */,
				08D158531E66C859001518A1 /* SORSyncMajorKeyCountObjectRelation.m */,
				08D158541E66C859001518A1 /* SORSyncObjectRelation+ObjectRelationObserver.h */,
				08D158551E66C859001518A1 /* SORSyncObjectRelation+ObjectRelationObserver.m */,
				08D158561E66C859001518A1 /* SORSyncObjectRelation.h */,
				08D158571E66C859001518A1 /* SORSyncObjectRelation.m */,
			);
			path = SORSyncObjectRelation;
			sourceTree = "<group>";
		};
/* End PBXGroup section */

/* Begin PBXHeadersBuildPhase section */
		083772241E2E2B650034056F /* Headers */ = {
			isa = PBXHeadersBuildPhase;
			buildActionMask = 2147483647;
			files = (
				08D1585E1E66CA21001518A1 /* SORObjectRelationUmbrella.h in Headers */,
				08D1585F1E66CA21001518A1 /* SORSyncCountObjectRelation.h in Headers */,
				08D158601E66CA21001518A1 /* SORSyncMajorKeyCountObjectRelation.h in Headers */,
				08D158611E66CA21001518A1 /* SORSyncObjectRelation+ObjectRelationObserver.h in Headers */,
				08D158621E66CA21001518A1 /* SORSyncObjectRelation.h in Headers */,
			);
			runOnlyForDeploymentPostprocessing = 0;
		};
/* End PBXHeadersBuildPhase section */

/* Begin PBXNativeTarget section */
		083772071E2E2B440034056F /* SORObjectRelationDemo */ = {
			isa = PBXNativeTarget;
			buildConfigurationList = 0837721F1E2E2B440034056F /* Build configuration list for PBXNativeTarget "SORObjectRelationDemo" */;
			buildPhases = (
				083772041E2E2B440034056F /* Sources */,
				083772051E2E2B440034056F /* Frameworks */,
				083772061E2E2B440034056F /* Resources */,
				083772331E2E2B650034056F /* Embed Frameworks */,
			);
			buildRules = (
			);
			dependencies = (
			);
			name = SORObjectRelationDemo;
			productName = ORObjectRelationDemo;
			productReference = 083772081E2E2B440034056F /* SORObjectRelationDemo.app */;
			productType = "com.apple.product-type.application";
		};
		083772261E2E2B650034056F /* SORObjectRelation */ = {
			isa = PBXNativeTarget;
			buildConfigurationList = 083772321E2E2B650034056F /* Build configuration list for PBXNativeTarget "SORObjectRelation" */;
			buildPhases = (
				083772221E2E2B650034056F /* Sources */,
				083772231E2E2B650034056F /* Frameworks */,
				083772241E2E2B650034056F /* Headers */,
				083772251E2E2B650034056F /* Resources */,
			);
			buildRules = (
			);
			dependencies = (
			);
			name = SORObjectRelation;
			productName = ORObjectRelation;
			productReference = 083772271E2E2B650034056F /* SORObjectRelation.framework */;
			productType = "com.apple.product-type.framework";
		};
/* End PBXNativeTarget section */

/* Begin PBXProject section */
		083772001E2E2B440034056F /* Project object */ = {
			isa = PBXProject;
			attributes = {
				CLASSPREFIX = OR;
				LastUpgradeCheck = 0820;
				ORGANIZATIONNAME = xulinfeng;
				TargetAttributes = {
					083772071E2E2B440034056F = {
						CreatedOnToolsVersion = 8.2;
						ProvisioningStyle = Manual;
					};
					083772261E2E2B650034056F = {
						CreatedOnToolsVersion = 8.2;
						ProvisioningStyle = Automatic;
					};
				};
			};
			buildConfigurationList = 083772031E2E2B440034056F /* Build configuration list for PBXProject "SORObjectRelationDemo" */;
			compatibilityVersion = "Xcode 3.2";
			developmentRegion = English;
			hasScannedForEncodings = 0;
			knownRegions = (
				en,
				Base,
			);
			mainGroup = 083771FF1E2E2B440034056F;
			productRefGroup = 083772091E2E2B440034056F /* Products */;
			projectDirPath = "";
			projectRoot = "";
			targets = (
				083772071E2E2B440034056F /* SORObjectRelationDemo */,
				083772261E2E2B650034056F /* SORObjectRelation */,
			);
		};
/* End PBXProject section */

/* Begin PBXResourcesBuildPhase section */
		083772061E2E2B440034056F /* Resources */ = {
			isa = PBXResourcesBuildPhase;
			buildActionMask = 2147483647;
			files = (
				0837721B1E2E2B440034056F /* LaunchScreen.storyboard in Resources */,
				083772181E2E2B440034056F /* Assets.xcassets in Resources */,
				083772161E2E2B440034056F /* Main.storyboard in Resources */,
			);
			runOnlyForDeploymentPostprocessing = 0;
		};
		083772251E2E2B650034056F /* Resources */ = {
			isa = PBXResourcesBuildPhase;
			buildActionMask = 2147483647;
			files = (
			);
			runOnlyForDeploymentPostprocessing = 0;
		};
/* End PBXResourcesBuildPhase section */

/* Begin PBXSourcesBuildPhase section */
		083772041E2E2B440034056F /* Sources */ = {
			isa = PBXSourcesBuildPhase;
			buildActionMask = 2147483647;
			files = (
				083772131E2E2B440034056F /* ViewController.m in Sources */,
				083772101E2E2B440034056F /* AppDelegate.m in Sources */,
				083772471E2E2C580034056F /* SORBadgeValueManager.m in Sources */,
				0837720D1E2E2B440034056F /* main.m in Sources */,
			);
			runOnlyForDeploymentPostprocessing = 0;
		};
		083772221E2E2B650034056F /* Sources */ = {
			isa = PBXSourcesBuildPhase;
			buildActionMask = 2147483647;
			files = (
				08D158641E66CA9C001518A1 /* SORSyncCountObjectRelation.m in Sources */,
				08D158651E66CA9C001518A1 /* SORSyncMajorKeyCountObjectRelation.m in Sources */,
				08D158661E66CA9C001518A1 /* SORSyncObjectRelation+ObjectRelationObserver.m in Sources */,
				08D158671E66CA9C001518A1 /* SORSyncObjectRelation.m in Sources */,
			);
			runOnlyForDeploymentPostprocessing = 0;
		};
/* End PBXSourcesBuildPhase section */

/* Begin PBXVariantGroup section */
		083772141E2E2B440034056F /* Main.storyboard */ = {
			isa = PBXVariantGroup;
			children = (
				083772151E2E2B440034056F /* Base */,
			);
			name = Main.storyboard;
			sourceTree = "<group>";
		};
		083772191E2E2B440034056F /* LaunchScreen.storyboard */ = {
			isa = PBXVariantGroup;
			children = (
				0837721A1E2E2B440034056F /* Base */,
			);
			name = LaunchScreen.storyboard;
			sourceTree = "<group>";
		};
/* End PBXVariantGroup section */

/* Begin XCBuildConfiguration section */
		0837721D1E2E2B440034056F /* Debug */ = {
			isa = XCBuildConfiguration;
			buildSettings = {
				ALWAYS_SEARCH_USER_PATHS = NO;
				CLANG_ANALYZER_NONNULL = YES;
				CLANG_CXX_LANGUAGE_STANDARD = "gnu++0x";
				CLANG_CXX_LIBRARY = "libc++";
				CLANG_ENABLE_MODULES = YES;
				CLANG_ENABLE_OBJC_ARC = YES;
				CLANG_WARN_BOOL_CONVERSION = YES;
				CLANG_WARN_CONSTANT_CONVERSION = YES;
				CLANG_WARN_DIRECT_OBJC_ISA_USAGE = YES_ERROR;
				CLANG_WARN_DOCUMENTATION_COMMENTS = YES;
				CLANG_WARN_EMPTY_BODY = YES;
				CLANG_WARN_ENUM_CONVERSION = YES;
				CLANG_WARN_INFINITE_RECURSION = YES;
				CLANG_WARN_INT_CONVERSION = YES;
				CLANG_WARN_OBJC_ROOT_CLASS = YES_ERROR;
				CLANG_WARN_SUSPICIOUS_MOVE = YES;
				CLANG_WARN_UNREACHABLE_CODE = YES;
				CLANG_WARN__DUPLICATE_METHOD_MATCH = YES;
				"CODE_SIGN_IDENTITY[sdk=iphoneos*]" = "iPhone Developer";
				COPY_PHASE_STRIP = NO;
				DEBUG_INFORMATION_FORMAT = dwarf;
				ENABLE_STRICT_OBJC_MSGSEND = YES;
				ENABLE_TESTABILITY = YES;
				GCC_C_LANGUAGE_STANDARD = gnu99;
				GCC_DYNAMIC_NO_PIC = NO;
				GCC_NO_COMMON_BLOCKS = YES;
				GCC_OPTIMIZATION_LEVEL = 0;
				GCC_PREPROCESSOR_DEFINITIONS = (
					"DEBUG=1",
					"$(inherited)",
				);
				GCC_WARN_64_TO_32_BIT_CONVERSION = YES;
				GCC_WARN_ABOUT_RETURN_TYPE = YES_ERROR;
				GCC_WARN_UNDECLARED_SELECTOR = YES;
				GCC_WARN_UNINITIALIZED_AUTOS = YES_AGGRESSIVE;
				GCC_WARN_UNUSED_FUNCTION = YES;
				GCC_WARN_UNUSED_VARIABLE = YES;
				IPHONEOS_DEPLOYMENT_TARGET = 10.2;
				MTL_ENABLE_DEBUG_INFO = YES;
				ONLY_ACTIVE_ARCH = YES;
				SDKROOT = iphoneos;
				TARGETED_DEVICE_FAMILY = "1,2";
			};
			name = Debug;
		};
		0837721E1E2E2B440034056F /* Release */ = {
			isa = XCBuildConfiguration;
			buildSettings = {
				ALWAYS_SEARCH_USER_PATHS = NO;
				CLANG_ANALYZER_NONNULL = YES;
				CLANG_CXX_LANGUAGE_STANDARD = "gnu++0x";
				CLANG_CXX_LIBRARY = "libc++";
				CLANG_ENABLE_MODULES = YES;
				CLANG_ENABLE_OBJC_ARC = YES;
				CLANG_WARN_BOOL_CONVERSION = YES;
				CLANG_WARN_CONSTANT_CONVERSION = YES;
				CLANG_WARN_DIRECT_OBJC_ISA_USAGE = YES_ERROR;
				CLANG_WARN_DOCUMENTATION_COMMENTS = YES;
				CLANG_WARN_EMPTY_BODY = YES;
				CLANG_WARN_ENUM_CONVERSION = YES;
				CLANG_WARN_INFINITE_RECURSION = YES;
				CLANG_WARN_INT_CONVERSION = YES;
				CLANG_WARN_OBJC_ROOT_CLASS = YES_ERROR;
				CLANG_WARN_SUSPICIOUS_MOVE = YES;
				CLANG_WARN_UNREACHABLE_CODE = YES;
				CLANG_WARN__DUPLICATE_METHOD_MATCH = YES;
				"CODE_SIGN_IDENTITY[sdk=iphoneos*]" = "iPhone Developer";
				COPY_PHASE_STRIP = NO;
				DEBUG_INFORMATION_FORMAT = "dwarf-with-dsym";
				ENABLE_NS_ASSERTIONS = NO;
				ENABLE_STRICT_OBJC_MSGSEND = YES;
				GCC_C_LANGUAGE_STANDARD = gnu99;
				GCC_NO_COMMON_BLOCKS = YES;
				GCC_WARN_64_TO_32_BIT_CONVERSION = YES;
				GCC_WARN_ABOUT_RETURN_TYPE = YES_ERROR;
				GCC_WARN_UNDECLARED_SELECTOR = YES;
				GCC_WARN_UNINITIALIZED_AUTOS = YES_AGGRESSIVE;
				GCC_WARN_UNUSED_FUNCTION = YES;
				GCC_WARN_UNUSED_VARIABLE = YES;
				IPHONEOS_DEPLOYMENT_TARGET = 10.2;
				MTL_ENABLE_DEBUG_INFO = NO;
				SDKROOT = iphoneos;
				TARGETED_DEVICE_FAMILY = "1,2";
				VALIDATE_PRODUCT = YES;
			};
			name = Release;
		};
		083772201E2E2B440034056F /* Debug */ = {
			isa = XCBuildConfiguration;
			buildSettings = {
				ASSETCATALOG_COMPILER_APPICON_NAME = AppIcon;
				DEVELOPMENT_TEAM = "";
				INFOPLIST_FILE = SORObjectRelationDemo/Info.plist;
				IPHONEOS_DEPLOYMENT_TARGET = 8.0;
				LD_RUNPATH_SEARCH_PATHS = "$(inherited) @executable_path/Frameworks";
				PRODUCT_BUNDLE_IDENTIFIER = com.markejave.ORObjectRelationDemo;
				PRODUCT_NAME = "$(TARGET_NAME)";
			};
			name = Debug;
		};
		083772211E2E2B440034056F /* Release */ = {
			isa = XCBuildConfiguration;
			buildSettings = {
				ASSETCATALOG_COMPILER_APPICON_NAME = AppIcon;
				DEVELOPMENT_TEAM = "";
				INFOPLIST_FILE = SORObjectRelationDemo/Info.plist;
				IPHONEOS_DEPLOYMENT_TARGET = 8.0;
				LD_RUNPATH_SEARCH_PATHS = "$(inherited) @executable_path/Frameworks";
				PRODUCT_BUNDLE_IDENTIFIER = com.markejave.ORObjectRelationDemo;
				PRODUCT_NAME = "$(TARGET_NAME)";
			};
			name = Release;
		};
		083772301E2E2B650034056F /* Debug */ = {
			isa = XCBuildConfiguration;
			buildSettings = {
				CODE_SIGN_IDENTITY = "";
				CURRENT_PROJECT_VERSION = 1;
				DEFINES_MODULE = YES;
				DYLIB_COMPATIBILITY_VERSION = 1;
				DYLIB_CURRENT_VERSION = 1;
				DYLIB_INSTALL_NAME_BASE = "@rpath";
				INSTALL_PATH = "$(LOCAL_LIBRARY_DIR)/Frameworks";
				IPHONEOS_DEPLOYMENT_TARGET = 8.0;
				LD_RUNPATH_SEARCH_PATHS = "$(inherited) @executable_path/Frameworks @loader_path/Frameworks";
				PRODUCT_BUNDLE_IDENTIFIER = com.markejave.ORObjectRelation;
				PRODUCT_NAME = "$(TARGET_NAME)";
				SKIP_INSTALL = YES;
				VERSIONING_SYSTEM = "apple-generic";
				VERSION_INFO_PREFIX = "";
			};
			name = Debug;
		};
		083772311E2E2B650034056F /* Release */ = {
			isa = XCBuildConfiguration;
			buildSettings = {
				CODE_SIGN_IDENTITY = "";
				CURRENT_PROJECT_VERSION = 1;
				DEFINES_MODULE = YES;
				DYLIB_COMPATIBILITY_VERSION = 1;
				DYLIB_CURRENT_VERSION = 1;
				DYLIB_INSTALL_NAME_BASE = "@rpath";
				INSTALL_PATH = "$(LOCAL_LIBRARY_DIR)/Frameworks";
				IPHONEOS_DEPLOYMENT_TARGET = 8.0;
				LD_RUNPATH_SEARCH_PATHS = "$(inherited) @executable_path/Frameworks @loader_path/Frameworks";
				PRODUCT_BUNDLE_IDENTIFIER = com.markejave.ORObjectRelation;
				PRODUCT_NAME = "$(TARGET_NAME)";
				SKIP_INSTALL = YES;
				VERSIONING_SYSTEM = "apple-generic";
				VERSION_INFO_PREFIX = "";
			};
			name = Release;
		};
/* End XCBuildConfiguration section */

/* Begin XCConfigurationList section */
		083772031E2E2B440034056F /* Build configuration list for PBXProject "SORObjectRelationDemo" */ = {
			isa = XCConfigurationList;
			buildConfigurations = (
				0837721D1E2E2B440034056F /* Debug */,
				0837721E1E2E2B440034056F /* Release */,
			);
			defaultConfigurationIsVisible = 0;
			defaultConfigurationName = Release;
		};
		0837721F1E2E2B440034056F /* Build configuration list for PBXNativeTarget "SORObjectRelationDemo" */ = {
			isa = XCConfigurationList;
			buildConfigurations = (
				083772201E2E2B440034056F /* Debug */,
				083772211E2E2B440034056F /* Release */,
			);
			defaultConfigurationIsVisible = 0;
			defaultConfigurationName = Release;
		};
		083772321E2E2B650034056F /* Build configuration list for PBXNativeTarget "SORObjectRelation" */ = {
			isa = XCConfigurationList;
			buildConfigurations = (
				083772301E2E2B650034056F /* Debug */,
				083772311E2E2B650034056F /* Release */,
			);
			defaultConfigurationIsVisible = 0;
			defaultConfigurationName = Release;
		};
/* End XCConfigurationList section */
	};
	rootObject = 083772001E2E2B440034056F /* Project object */;
}
